
Microsoft Visual Studio Solution File, Format Version 12.00
# Visual Studio Version 17
VisualStudioVersion = 17.7.34221.43
MinimumVisualStudioVersion = 10.0.40219.1
Project("{FAE04EC0-301F-11D3-BF4B-00C04F79EFBC}") = "MahUI", "MahUI.csproj", "{D1DE5AAF-2533-41F8-A134-F3AE7164B337}"
EndProject
Global
	GlobalSection(SolutionConfigurationPlatforms) = preSolution
		Debug|Any CPU = Debug|Any CPU
		Release|Any CPU = Release|Any CPU
	EndGlobalSection
	GlobalSection(ProjectConfigurationPlatforms) = postSolution
		{D1DE5AAF-2533-41F8-A134-F3AE7164B337}.Debug|Any CPU.ActiveCfg = Debug|Any CPU
		{D1DE5AAF-2533-41F8-A134-F3AE7164B337}.Debug|Any CPU.Build.0 = Debug|Any CPU
		{D1DE5AAF-2533-41F8-A134-F3AE7164B337}.Release|Any CPU.ActiveCfg = Release|Any CPU
		{D1DE5AAF-2533-41F8-A134-F3AE7164B337}.Release|Any CPU.Build.0 = Release|Any CPU
	EndGlobalSection
	GlobalSection(SolutionProperties) = preSolution
		HideSolutionNode = FALSE
	EndGlobalSection
	GlobalSection(ExtensibilityGlobals) = postSolution
		SolutionGuid = {8CB20C34-8D27-4844-8744-365927456136}
	EndGlobalSection
EndGlobal
